{
  "name": "demo",
  "version": "1.0.1",
  "lockfileVersion": 1,
  "requires": true,
  "dependencies": {
    "@kuriv/normalize": {
      "version": "1.0.4",
      "resolved": "https://registry.npm.taobao.org/@kuriv/normalize/download/@kuriv/normalize-1.0.4.tgz",
      "integrity": "sha1-fZ6ro8VsO3aQJ/snNHVqNNOMZBM="
    },
    "@kuriv/ribbon": {
      "version": "1.0.1",
      "resolved": "https://registry.npmjs.org/@kuriv/ribbon/-/ribbon-1.0.1.tgz",
      "integrity": "sha512-G5jIqxR9vO3JBHdebGOJVJcGABL6vcmwkPo/9tQiYK+l9q2SAqgwmrfI4S4d2fFC+4ocjpTYiBYpHFfqyjSt6w=="
    }
  }
}
