{
  "name": "demo",
  "version": "1.0.1",
  "lockfileVersion": 1,
  "requires": true,
  "dependencies": {
    "@kuriv/normalize": {
      "version": "1.0.4",
      "resolved": "https://registry.npm.taobao.org/@kuriv/normalize/download/@kuriv/normalize-1.0.4.tgz",
      "integrity": "sha1-fZ6ro8VsO3aQJ/snNHVqNNOMZBM="
    },
    "canvas-nest.js": {
      "version": "2.0.4",
      "resolved": "https://registry.npm.taobao.org/canvas-nest.js/download/canvas-nest.js-2.0.4.tgz",
      "integrity": "sha1-4BAHXV2788v8HvGJQsJmsa+HNGk=",
      "requires": {
        "size-sensor": "^0.2.0"
      }
    },
    "size-sensor": {
      "version": "0.2.6",
      "resolved": "https://registry.npm.taobao.org/size-sensor/download/size-sensor-0.2.6.tgz",
      "integrity": "sha1-b+Q6/VcHhvCXFxg0ACqX/gsZo9o="
    }
  }
}
